
Microsoft Visual Studio Solution File, Format Version 12.00
# Visual Studio Version 16
VisualStudioVersion = 25.0.1703.8
MinimumVisualStudioVersion = 10.0.40219.1
Project("{FAE04EC0-301F-11D3-BF4B-00C04F79EFBC}") = "health-calc-pack-dotnet", "health-calc-pack-dotnet.csproj", "{EEBF14C2-00AE-4031-91A3-90128254A667}"
EndProject
Project("{FAE04EC0-301F-11D3-BF4B-00C04F79EFBC}") = "health-calc-test-xunit", "..\..\..\health-calc-test-xunit\health-calc-test-xunit.csproj", "{F11F5365-AD0C-4CFB-9956-0D5D482B7BF3}"
EndProject
Project("{2150E333-8FDC-42A3-9474-1A3956D46DE8}") = "Solution Items", "Solution Items", "{00722F11-948B-4D44-8F12-FA964614EC93}"
	ProjectSection(SolutionItems) = preProject
		health-calc-dotnet.sln = health-calc-dotnet.sln
	EndProjectSection
EndProject
Global
	GlobalSection(SolutionConfigurationPlatforms) = preSolution
		Debug|Any CPU = Debug|Any CPU
		Release|Any CPU = Release|Any CPU
	EndGlobalSection
	GlobalSection(ProjectConfigurationPlatforms) = postSolution
		{EEBF14C2-00AE-4031-91A3-90128254A667}.Debug|Any CPU.ActiveCfg = Debug|Any CPU
		{EEBF14C2-00AE-4031-91A3-90128254A667}.Debug|Any CPU.Build.0 = Debug|Any CPU
		{EEBF14C2-00AE-4031-91A3-90128254A667}.Release|Any CPU.ActiveCfg = Release|Any CPU
		{EEBF14C2-00AE-4031-91A3-90128254A667}.Release|Any CPU.Build.0 = Release|Any CPU
		{F11F5365-AD0C-4CFB-9956-0D5D482B7BF3}.Debug|Any CPU.ActiveCfg = Debug|Any CPU
		{F11F5365-AD0C-4CFB-9956-0D5D482B7BF3}.Debug|Any CPU.Build.0 = Debug|Any CPU
		{F11F5365-AD0C-4CFB-9956-0D5D482B7BF3}.Release|Any CPU.ActiveCfg = Release|Any CPU
		{F11F5365-AD0C-4CFB-9956-0D5D482B7BF3}.Release|Any CPU.Build.0 = Release|Any CPU
	EndGlobalSection
	GlobalSection(SolutionProperties) = preSolution
		HideSolutionNode = FALSE
	EndGlobalSection
	GlobalSection(ExtensibilityGlobals) = postSolution
		SolutionGuid = {C0919F96-2ED3-4F13-B790-8F3856A6EA3A}
	EndGlobalSection
EndGlobal
